
Microsoft Visual Studio Solution File, Format Version 12.00
# Visual Studio Version 17
VisualStudioVersion = 17.4.33205.214
MinimumVisualStudioVersion = 10.0.40219.1
Project("{FAE04EC0-301F-11D3-BF4B-00C04F79EFBC}") = "PieOrderingApp", "PieOrderingApp\PieOrderingApp.csproj", "{EA966EE7-8991-44C6-9908-928EB9B3C621}"
EndProject
Global
	GlobalSection(SolutionConfigurationPlatforms) = preSolution
		Debug|Any CPU = Debug|Any CPU
		Release|Any CPU = Release|Any CPU
	EndGlobalSection
	GlobalSection(ProjectConfigurationPlatforms) = postSolution
		{EA966EE7-8991-44C6-9908-928EB9B3C621}.Debug|Any CPU.ActiveCfg = Debug|Any CPU
		{EA966EE7-8991-44C6-9908-928EB9B3C621}.Debug|Any CPU.Build.0 = Debug|Any CPU
		{EA966EE7-8991-44C6-9908-928EB9B3C621}.Release|Any CPU.ActiveCfg = Release|Any CPU
		{EA966EE7-8991-44C6-9908-928EB9B3C621}.Release|Any CPU.Build.0 = Release|Any CPU
	EndGlobalSection
	GlobalSection(SolutionProperties) = preSolution
		HideSolutionNode = FALSE
	EndGlobalSection
	GlobalSection(ExtensibilityGlobals) = postSolution
		SolutionGuid = {817566F8-EFFD-46B7-9271-0E5472F8F985}
	EndGlobalSection
EndGlobal
